
Microsoft Visual Studio Solution File, Format Version 12.00
# Visual Studio Version 17
VisualStudioVersion = 17.9.34902.65
MinimumVisualStudioVersion = 10.0.40219.1
Project("{FAE04EC0-301F-11D3-BF4B-00C04F79EFBC}") = "WindowsFormsApp1", "WindowsFormsApp1\WindowsFormsApp1.csproj", "{D3004926-7C0C-4C63-8974-11ABE4C97DCE}"
EndProject
Global
	GlobalSection(SolutionConfigurationPlatforms) = preSolution
		Debug|Any CPU = Debug|Any CPU
		Release|Any CPU = Release|Any CPU
	EndGlobalSection
	GlobalSection(ProjectConfigurationPlatforms) = postSolution
		{D3004926-7C0C-4C63-8974-11ABE4C97DCE}.Debug|Any CPU.ActiveCfg = Debug|Any CPU
		{D3004926-7C0C-4C63-8974-11ABE4C97DCE}.Debug|Any CPU.Build.0 = Debug|Any CPU
		{D3004926-7C0C-4C63-8974-11ABE4C97DCE}.Release|Any CPU.ActiveCfg = Release|Any CPU
		{D3004926-7C0C-4C63-8974-11ABE4C97DCE}.Release|Any CPU.Build.0 = Release|Any CPU
	EndGlobalSection
	GlobalSection(SolutionProperties) = preSolution
		HideSolutionNode = FALSE
	EndGlobalSection
	GlobalSection(ExtensibilityGlobals) = postSolution
		SolutionGuid = {ADD2090A-D63A-43D0-A61F-FC352C6EC78F}
	EndGlobalSection
EndGlobal
